
Microsoft Visual Studio Solution File, Format Version 12.00
# Visual Studio Version 17
VisualStudioVersion = 17.0.31903.59
MinimumVisualStudioVersion = 10.0.40219.1
Project("{2150E333-8FDC-42A3-9474-1A3956D46DE8}") = "Domain", "Domain", "{996CEBED-A05B-5D42-3FF0-982E087A2599}"
EndProject
Project("{FAE04EC0-301F-11D3-BF4B-00C04F79EFBC}") = "CarStoreManager.Domain", "Domain\CarStoreManager.Domain.csproj", "{5D479CD0-56EB-41CB-A201-9B20B3CB1E5A}"
EndProject
Project("{2150E333-8FDC-42A3-9474-1A3956D46DE8}") = "Application", "Application", "{A74F262E-BDE7-D5D2-89E9-785413424D0A}"
EndProject
Project("{FAE04EC0-301F-11D3-BF4B-00C04F79EFBC}") = "CarStoreManager.Application", "Application\CarStoreManager.Application.csproj", "{AC5E151C-FAAE-4779-A727-AE81E7FFFAF6}"
EndProject
Project("{2150E333-8FDC-42A3-9474-1A3956D46DE8}") = "Infrastructure", "Infrastructure", "{DFEE68D8-A7D0-1A41-506C-9B74AA9A7B7B}"
EndProject
Project("{FAE04EC0-301F-11D3-BF4B-00C04F79EFBC}") = "CarStoreManager.Infrastructure", "Infrastructure\CarStoreManager.Infrastructure.csproj", "{55DAACAA-489D-40B6-8333-086A337E056F}"
EndProject
Project("{2150E333-8FDC-42A3-9474-1A3956D46DE8}") = "Web", "Web", "{256F4E96-6A73-9ABE-786F-840C672A50F4}"
EndProject
Project("{FAE04EC0-301F-11D3-BF4B-00C04F79EFBC}") = "CarStoreManager.Web", "Web\CarStoreManager.Web.csproj", "{2000D93D-2740-484B-94CA-CBC7D3D2D924}"
EndProject
Project("{2150E333-8FDC-42A3-9474-1A3956D46DE8}") = "Testes", "Testes", "{D98D8C46-FF85-5DDC-A1CF-E2FF99E466E3}"
EndProject
Project("{FAE04EC0-301F-11D3-BF4B-00C04F79EFBC}") = "CarStoreManager.Testes", "Testes\CarStoreManager.Testes\CarStoreManager.Testes.csproj", "{C32A097F-0F0B-41A7-B1B1-849EC822D4BF}"
EndProject
Global
	GlobalSection(SolutionConfigurationPlatforms) = preSolution
		Debug|Any CPU = Debug|Any CPU
		Debug|x64 = Debug|x64
		Debug|x86 = Debug|x86
		Release|Any CPU = Release|Any CPU
		Release|x64 = Release|x64
		Release|x86 = Release|x86
	EndGlobalSection
	GlobalSection(ProjectConfigurationPlatforms) = postSolution
		{5D479CD0-56EB-41CB-A201-9B20B3CB1E5A}.Debug|Any CPU.ActiveCfg = Debug|Any CPU
		{5D479CD0-56EB-41CB-A201-9B20B3CB1E5A}.Debug|Any CPU.Build.0 = Debug|Any CPU
		{5D479CD0-56EB-41CB-A201-9B20B3CB1E5A}.Debug|x64.ActiveCfg = Debug|Any CPU
		{5D479CD0-56EB-41CB-A201-9B20B3CB1E5A}.Debug|x64.Build.0 = Debug|Any CPU
		{5D479CD0-56EB-41CB-A201-9B20B3CB1E5A}.Debug|x86.ActiveCfg = Debug|Any CPU
		{5D479CD0-56EB-41CB-A201-9B20B3CB1E5A}.Debug|x86.Build.0 = Debug|Any CPU
		{5D479CD0-56EB-41CB-A201-9B20B3CB1E5A}.Release|Any CPU.ActiveCfg = Release|Any CPU
		{5D479CD0-56EB-41CB-A201-9B20B3CB1E5A}.Release|Any CPU.Build.0 = Release|Any CPU
		{5D479CD0-56EB-41CB-A201-9B20B3CB1E5A}.Release|x64.ActiveCfg = Release|Any CPU
		{5D479CD0-56EB-41CB-A201-9B20B3CB1E5A}.Release|x64.Build.0 = Release|Any CPU
		{5D479CD0-56EB-41CB-A201-9B20B3CB1E5A}.Release|x86.ActiveCfg = Release|Any CPU
		{5D479CD0-56EB-41CB-A201-9B20B3CB1E5A}.Release|x86.Build.0 = Release|Any CPU
		{AC5E151C-FAAE-4779-A727-AE81E7FFFAF6}.Debug|Any CPU.ActiveCfg = Debug|Any CPU
		{AC5E151C-FAAE-4779-A727-AE81E7FFFAF6}.Debug|Any CPU.Build.0 = Debug|Any CPU
		{AC5E151C-FAAE-4779-A727-AE81E7FFFAF6}.Debug|x64.ActiveCfg = Debug|Any CPU
		{AC5E151C-FAAE-4779-A727-AE81E7FFFAF6}.Debug|x64.Build.0 = Debug|Any CPU
		{AC5E151C-FAAE-4779-A727-AE81E7FFFAF6}.Debug|x86.ActiveCfg = Debug|Any CPU
		{AC5E151C-FAAE-4779-A727-AE81E7FFFAF6}.Debug|x86.Build.0 = Debug|Any CPU
		{AC5E151C-FAAE-4779-A727-AE81E7FFFAF6}.Release|Any CPU.ActiveCfg = Release|Any CPU
		{AC5E151C-FAAE-4779-A727-AE81E7FFFAF6}.Release|Any CPU.Build.0 = Release|Any CPU
		{AC5E151C-FAAE-4779-A727-AE81E7FFFAF6}.Release|x64.ActiveCfg = Release|Any CPU
		{AC5E151C-FAAE-4779-A727-AE81E7FFFAF6}.Release|x64.Build.0 = Release|Any CPU
		{AC5E151C-FAAE-4779-A727-AE81E7FFFAF6}.Release|x86.ActiveCfg = Release|Any CPU
		{AC5E151C-FAAE-4779-A727-AE81E7FFFAF6}.Release|x86.Build.0 = Release|Any CPU
		{55DAACAA-489D-40B6-8333-086A337E056F}.Debug|Any CPU.ActiveCfg = Debug|Any CPU
		{55DAACAA-489D-40B6-8333-086A337E056F}.Debug|Any CPU.Build.0 = Debug|Any CPU
		{55DAACAA-489D-40B6-8333-086A337E056F}.Debug|x64.ActiveCfg = Debug|Any CPU
		{55DAACAA-489D-40B6-8333-086A337E056F}.Debug|x64.Build.0 = Debug|Any CPU
		{55DAACAA-489D-40B6-8333-086A337E056F}.Debug|x86.ActiveCfg = Debug|Any CPU
		{55DAACAA-489D-40B6-8333-086A337E056F}.Debug|x86.Build.0 = Debug|Any CPU
		{55DAACAA-489D-40B6-8333-086A337E056F}.Release|Any CPU.ActiveCfg = Release|Any CPU
		{55DAACAA-489D-40B6-8333-086A337E056F}.Release|Any CPU.Build.0 = Release|Any CPU
		{55DAACAA-489D-40B6-8333-086A337E056F}.Release|x64.ActiveCfg = Release|Any CPU
		{55DAACAA-489D-40B6-8333-086A337E056F}.Release|x64.Build.0 = Release|Any CPU
		{55DAACAA-489D-40B6-8333-086A337E056F}.Release|x86.ActiveCfg = Release|Any CPU
		{55DAACAA-489D-40B6-8333-086A337E056F}.Release|x86.Build.0 = Release|Any CPU
		{2000D93D-2740-484B-94CA-CBC7D3D2D924}.Debug|Any CPU.ActiveCfg = Debug|Any CPU
		{2000D93D-2740-484B-94CA-CBC7D3D2D924}.Debug|Any CPU.Build.0 = Debug|Any CPU
		{2000D93D-2740-484B-94CA-CBC7D3D2D924}.Debug|x64.ActiveCfg = Debug|Any CPU
		{2000D93D-2740-484B-94CA-CBC7D3D2D924}.Debug|x64.Build.0 = Debug|Any CPU
		{2000D93D-2740-484B-94CA-CBC7D3D2D924}.Debug|x86.ActiveCfg = Debug|Any CPU
		{2000D93D-2740-484B-94CA-CBC7D3D2D924}.Debug|x86.Build.0 = Debug|Any CPU
		{2000D93D-2740-484B-94CA-CBC7D3D2D924}.Release|Any CPU.ActiveCfg = Release|Any CPU
		{2000D93D-2740-484B-94CA-CBC7D3D2D924}.Release|Any CPU.Build.0 = Release|Any CPU
		{2000D93D-2740-484B-94CA-CBC7D3D2D924}.Release|x64.ActiveCfg = Release|Any CPU
		{2000D93D-2740-484B-94CA-CBC7D3D2D924}.Release|x64.Build.0 = Release|Any CPU
		{2000D93D-2740-484B-94CA-CBC7D3D2D924}.Release|x86.ActiveCfg = Release|Any CPU
		{2000D93D-2740-484B-94CA-CBC7D3D2D924}.Release|x86.Build.0 = Release|Any CPU
		{C32A097F-0F0B-41A7-B1B1-849EC822D4BF}.Debug|Any CPU.ActiveCfg = Debug|Any CPU
		{C32A097F-0F0B-41A7-B1B1-849EC822D4BF}.Debug|Any CPU.Build.0 = Debug|Any CPU
		{C32A097F-0F0B-41A7-B1B1-849EC822D4BF}.Debug|x64.ActiveCfg = Debug|Any CPU
		{C32A097F-0F0B-41A7-B1B1-849EC822D4BF}.Debug|x64.Build.0 = Debug|Any CPU
		{C32A097F-0F0B-41A7-B1B1-849EC822D4BF}.Debug|x86.ActiveCfg = Debug|Any CPU
		{C32A097F-0F0B-41A7-B1B1-849EC822D4BF}.Debug|x86.Build.0 = Debug|Any CPU
		{C32A097F-0F0B-41A7-B1B1-849EC822D4BF}.Release|Any CPU.ActiveCfg = Release|Any CPU
		{C32A097F-0F0B-41A7-B1B1-849EC822D4BF}.Release|Any CPU.Build.0 = Release|Any CPU
		{C32A097F-0F0B-41A7-B1B1-849EC822D4BF}.Release|x64.ActiveCfg = Release|Any CPU
		{C32A097F-0F0B-41A7-B1B1-849EC822D4BF}.Release|x64.Build.0 = Release|Any CPU
		{C32A097F-0F0B-41A7-B1B1-849EC822D4BF}.Release|x86.ActiveCfg = Release|Any CPU
		{C32A097F-0F0B-41A7-B1B1-849EC822D4BF}.Release|x86.Build.0 = Release|Any CPU
	EndGlobalSection
	GlobalSection(SolutionProperties) = preSolution
		HideSolutionNode = FALSE
	EndGlobalSection
	GlobalSection(NestedProjects) = preSolution
		{5D479CD0-56EB-41CB-A201-9B20B3CB1E5A} = {996CEBED-A05B-5D42-3FF0-982E087A2599}
		{AC5E151C-FAAE-4779-A727-AE81E7FFFAF6} = {A74F262E-BDE7-D5D2-89E9-785413424D0A}
		{55DAACAA-489D-40B6-8333-086A337E056F} = {DFEE68D8-A7D0-1A41-506C-9B74AA9A7B7B}
		{2000D93D-2740-484B-94CA-CBC7D3D2D924} = {256F4E96-6A73-9ABE-786F-840C672A50F4}
		{C32A097F-0F0B-41A7-B1B1-849EC822D4BF} = {D98D8C46-FF85-5DDC-A1CF-E2FF99E466E3}
	EndGlobalSection
EndGlobal
